
Microsoft Visual Studio Solution File, Format Version 12.00
# Visual Studio Version 17
VisualStudioVersion = 17.3.32929.385
MinimumVisualStudioVersion = 10.0.40219.1
Project("{FAE04EC0-301F-11D3-BF4B-00C04F79EFBC}") = "2. ATM", "2. ATM.csproj", "{07EE6C2A-724D-4A07-AE55-E0E46ED74CCB}"
EndProject
Global
	GlobalSection(SolutionConfigurationPlatforms) = preSolution
		Debug|Any CPU = Debug|Any CPU
		Release|Any CPU = Release|Any CPU
	EndGlobalSection
	GlobalSection(ProjectConfigurationPlatforms) = postSolution
		{07EE6C2A-724D-4A07-AE55-E0E46ED74CCB}.Debug|Any CPU.ActiveCfg = Debug|Any CPU
		{07EE6C2A-724D-4A07-AE55-E0E46ED74CCB}.Debug|Any CPU.Build.0 = Debug|Any CPU
		{07EE6C2A-724D-4A07-AE55-E0E46ED74CCB}.Release|Any CPU.ActiveCfg = Release|Any CPU
		{07EE6C2A-724D-4A07-AE55-E0E46ED74CCB}.Release|Any CPU.Build.0 = Release|Any CPU
	EndGlobalSection
	GlobalSection(SolutionProperties) = preSolution
		HideSolutionNode = FALSE
	EndGlobalSection
	GlobalSection(ExtensibilityGlobals) = postSolution
		SolutionGuid = {5BFD10E4-9C07-4F73-9598-B469A699430F}
	EndGlobalSection
EndGlobal
